
Microsoft Visual Studio Solution File, Format Version 12.00
# Visual Studio 2015
Project("{FAE04EC0-301F-11D3-BF4B-00C04F79EFBC}") = "Goblin Survival.Plugins", "Goblin Survival.Plugins.csproj", "{1F16A5EA-506A-5DAE-F4F8-9F375D4C3D70}"
EndProject
Project("{FAE04EC0-301F-11D3-BF4B-00C04F79EFBC}") = "Goblin Survival", "Goblin Survival.csproj", "{0B394687-8B5F-21AA-4834-E96068329A3C}"
EndProject
Project("{FAE04EC0-301F-11D3-BF4B-00C04F79EFBC}") = "Goblin Survival.Editor", "Goblin Survival.Editor.csproj", "{4BB684E2-2212-6D46-6ED9-25CF1DC8BD0F}"
EndProject
Global
	GlobalSection(SolutionConfigurationPlatforms) = preSolution
		Debug|Any CPU = Debug|Any CPU
		Release|Any CPU = Release|Any CPU
	EndGlobalSection
	GlobalSection(ProjectConfigurationPlatforms) = postSolution
		{1F16A5EA-506A-5DAE-F4F8-9F375D4C3D70}.Debug|Any CPU.ActiveCfg = Debug|Any CPU
		{1F16A5EA-506A-5DAE-F4F8-9F375D4C3D70}.Debug|Any CPU.Build.0 = Debug|Any CPU
		{1F16A5EA-506A-5DAE-F4F8-9F375D4C3D70}.Release|Any CPU.ActiveCfg = Release|Any CPU
		{1F16A5EA-506A-5DAE-F4F8-9F375D4C3D70}.Release|Any CPU.Build.0 = Release|Any CPU
		{0B394687-8B5F-21AA-4834-E96068329A3C}.Debug|Any CPU.ActiveCfg = Debug|Any CPU
		{0B394687-8B5F-21AA-4834-E96068329A3C}.Debug|Any CPU.Build.0 = Debug|Any CPU
		{0B394687-8B5F-21AA-4834-E96068329A3C}.Release|Any CPU.ActiveCfg = Release|Any CPU
		{0B394687-8B5F-21AA-4834-E96068329A3C}.Release|Any CPU.Build.0 = Release|Any CPU
		{4BB684E2-2212-6D46-6ED9-25CF1DC8BD0F}.Debug|Any CPU.ActiveCfg = Debug|Any CPU
		{4BB684E2-2212-6D46-6ED9-25CF1DC8BD0F}.Debug|Any CPU.Build.0 = Debug|Any CPU
		{4BB684E2-2212-6D46-6ED9-25CF1DC8BD0F}.Release|Any CPU.ActiveCfg = Release|Any CPU
		{4BB684E2-2212-6D46-6ED9-25CF1DC8BD0F}.Release|Any CPU.Build.0 = Release|Any CPU
	EndGlobalSection
	GlobalSection(SolutionProperties) = preSolution
		HideSolutionNode = FALSE
	EndGlobalSection
EndGlobal
